{
  "projects": [
    {
      "projectId": "fyzUiR9xFxM4i8qbFQTNzu",
      "version": "latest",
      "dependencies": {
        "caTPwKxj5ZrD9LQ7DMdK4Z": "3.23.0",
        "8PtdGodUbexNYgkuyBUcWu": "3.18.0",
        "YUiM7yqBWAqsh8KSnrdj7": "0.22.0",
        "itBdcjth19Wasd6ngAYxWR": "1.19.0",
        "7nJ7UcFmq9UzB6eXfC5z4a": "0.20.0",
        "r3ASNrnyvLLLAtDvzUioQ": "3.19.0",
        "gLnoj82AzKVVT7qXiqAbHD": "2.3.0",
        "ohDidvG9XsCeFumugENU3J": "4.14.0"
      },
      "lang": "ts",
      "fileLocks": [
        {
          "type": "globalVariant",
          "assetId": "YmJitsN5EdO",
          "checksum": "97555328453c7b0799f5cbc92760d6d2"
        },
        {
          "type": "renderModule",
          "assetId": "qqBCdYqqhY",
          "checksum": "2b102ff1c83a53b5b3e13fd87b762a4b"
        },
        {
          "type": "cssRules",
          "assetId": "qqBCdYqqhY",
          "checksum": "2b102ff1c83a53b5b3e13fd87b762a4b"
        },
        {
          "assetId": "fyzUiR9xFxM4i8qbFQTNzu",
          "checksum": "9cdece01e3e613d9364d423da2d3786e",
          "type": "globalContexts"
        },
        {
          "type": "renderModule",
          "assetId": "p6QPo9hIgqO7",
          "checksum": "b645958c6e30b189fdb72bcf2f399427"
        },
        {
          "type": "cssRules",
          "assetId": "p6QPo9hIgqO7",
          "checksum": "b645958c6e30b189fdb72bcf2f399427"
        },
        {
          "type": "image",
          "assetId": "kdroFN1p6ac0",
          "checksum": "831216e95101f001d671151b681d85f5"
        },
        {
          "type": "image",
          "assetId": "dqqhNIFqJcAY",
          "checksum": "cd704b7cdf72f0683d72f08379e5fe28"
        },
        {
          "assetId": "fyzUiR9xFxM4i8qbFQTNzu",
          "type": "projectCss",
          "checksum": "4658efdefe547230059d31bad0d2ef38"
        }
      ],
      "codegenVersion": "0.0.1"
    },
    {
      "projectId": "ohDidvG9XsCeFumugENU3J",
      "version": "4.14.0",
      "dependencies": {},
      "lang": "ts",
      "fileLocks": [
        {
          "assetId": "ohDidvG9XsCeFumugENU3J",
          "type": "projectCss",
          "checksum": "fd83b730367fdbde2c69bc6cf31c2a3c"
        },
        {
          "assetId": "ohDidvG9XsCeFumugENU3J",
          "checksum": "0293af0adadc2d03e8760ddd1ad5d3a9",
          "type": "globalContexts"
        }
      ],
      "codegenVersion": "0.0.1"
    },
    {
      "projectId": "gLnoj82AzKVVT7qXiqAbHD",
      "version": "2.3.0",
      "dependencies": {},
      "lang": "ts",
      "fileLocks": [
        {
          "assetId": "gLnoj82AzKVVT7qXiqAbHD",
          "type": "projectCss",
          "checksum": "e1ec850476829c38b0f9b6d4f7ac446a"
        },
        {
          "type": "renderModule",
          "assetId": "lBHNzts6tFyj",
          "checksum": "1deaed0b47ffc2301cd3b6ac23c8f01a"
        },
        {
          "type": "cssRules",
          "assetId": "lBHNzts6tFyj",
          "checksum": "1deaed0b47ffc2301cd3b6ac23c8f01a"
        },
        {
          "type": "icon",
          "assetId": "zq2s7N0xWucT",
          "checksum": "61b12414624174db4cd2e3e683119fcb"
        },
        {
          "type": "icon",
          "assetId": "8K40faRNhuCj",
          "checksum": "4fedd32cd8730884585d804464a39318"
        }
      ],
      "codegenVersion": "0.0.1"
    },
    {
      "projectId": "r3ASNrnyvLLLAtDvzUioQ",
      "version": "3.19.0",
      "dependencies": {},
      "lang": "ts",
      "fileLocks": [
        {
          "assetId": "r3ASNrnyvLLLAtDvzUioQ",
          "type": "projectCss",
          "checksum": "97ec772be5160e37b26814fd84fdccb9"
        }
      ],
      "codegenVersion": "0.0.1"
    },
    {
      "projectId": "7nJ7UcFmq9UzB6eXfC5z4a",
      "version": "0.20.0",
      "dependencies": {},
      "lang": "ts",
      "fileLocks": [
        {
          "assetId": "7nJ7UcFmq9UzB6eXfC5z4a",
          "type": "projectCss",
          "checksum": "05587b57f22f0ec8bb54543deb39762e"
        }
      ],
      "codegenVersion": "0.0.1"
    },
    {
      "projectId": "itBdcjth19Wasd6ngAYxWR",
      "version": "1.19.0",
      "dependencies": {},
      "lang": "ts",
      "fileLocks": [
        {
          "assetId": "itBdcjth19Wasd6ngAYxWR",
          "type": "projectCss",
          "checksum": "6ce788a9e106659487c03ae968b965c3"
        }
      ],
      "codegenVersion": "0.0.1"
    },
    {
      "projectId": "YUiM7yqBWAqsh8KSnrdj7",
      "version": "0.22.0",
      "dependencies": {},
      "lang": "ts",
      "fileLocks": [
        {
          "assetId": "YUiM7yqBWAqsh8KSnrdj7",
          "type": "projectCss",
          "checksum": "dac72600b04b6e6a3014e82512a15fe1"
        }
      ],
      "codegenVersion": "0.0.1"
    },
    {
      "projectId": "8PtdGodUbexNYgkuyBUcWu",
      "version": "3.18.0",
      "dependencies": {},
      "lang": "ts",
      "fileLocks": [
        {
          "assetId": "8PtdGodUbexNYgkuyBUcWu",
          "type": "projectCss",
          "checksum": "078b5be9aa4a8ea2a39b36c771c25aaa"
        },
        {
          "assetId": "8PtdGodUbexNYgkuyBUcWu",
          "checksum": "c48776bba1b3886e93349ddfa619cee9",
          "type": "globalContexts"
        }
      ],
      "codegenVersion": "0.0.1"
    },
    {
      "projectId": "caTPwKxj5ZrD9LQ7DMdK4Z",
      "version": "3.23.0",
      "dependencies": {},
      "lang": "ts",
      "fileLocks": [
        {
          "assetId": "caTPwKxj5ZrD9LQ7DMdK4Z",
          "type": "projectCss",
          "checksum": "e1ec850476829c38b0f9b6d4f7ac446a"
        }
      ],
      "codegenVersion": "0.0.1"
    }
  ],
  "cliVersion": "0.1.307"
}
